# Pinned runtime dependencies for spacial-boxcounting — generated 2026-07-19
# Only DIRECT runtime dependencies (no dev tools like bandit/pytest/sphinx/pip-audit).
# Transitive deps managed by pip resolver.
# Regenerate: pip freeze | grep -E "^(Pillow|hilbertcurve|matplotlib|numba|numpy|pandas)="
Pillow==12.3.0
hilbertcurve==2.0.5
matplotlib==3.11.1
numba==0.66.0
numpy==2.2.6
pandas==2.3.3